// !$*UTF8*$!
{
	archiveVersion = 1;
	classes = {
	};
	objectVersion = 56;
	objects = {

/* Begin PBXBuildFile section */
		0B6895222B664C9B003553DB /* LoginUseCase.swift in Sources */ = {isa = PBXBuildFile; fileRef = 0B6895212B664C9B003553DB /* LoginUseCase.swift */; };
		0B6895252B664D31003553DB /* EndPoints.swift in Sources */ = {isa = PBXBuildFile; fileRef = 0B6895242B664D31003553DB /* EndPoints.swift */; };
		0B6895272B664DCA003553DB /* NetworkError.swift in Sources */ = {isa = PBXBuildFile; fileRef = 0B6895262B664DCA003553DB /* NetworkError.swift */; };
		0B6895292B664E52003553DB /* HTTPMethods.swift in Sources */ = {isa = PBXBuildFile; fileRef = 0B6895282B664E52003553DB /* HTTPMethods.swift */; };
		0B68952B2B664EAB003553DB /* HTTPResponseCodes.swift in Sources */ = {isa = PBXBuildFile; fileRef = 0B68952A2B664EAB003553DB /* HTTPResponseCodes.swift */; };
		0B68952D2B66620A003553DB /* HomeUseCase.swift in Sources */ = {isa = PBXBuildFile; fileRef = 0B68952C2B66620A003553DB /* HomeUseCase.swift */; };
		0B68952E2B66620A003553DB /* HomeUseCase.swift in Sources */ = {isa = PBXBuildFile; fileRef = 0B68952C2B66620A003553DB /* HomeUseCase.swift */; };
		0B68952F2B66620A003553DB /* HomeUseCase.swift in Sources */ = {isa = PBXBuildFile; fileRef = 0B68952C2B66620A003553DB /* HomeUseCase.swift */; };
		0B6895312B666294003553DB /* HeroModel.swift in Sources */ = {isa = PBXBuildFile; fileRef = 0B6895302B666294003553DB /* HeroModel.swift */; };
		0B6895322B666294003553DB /* HeroModel.swift in Sources */ = {isa = PBXBuildFile; fileRef = 0B6895302B666294003553DB /* HeroModel.swift */; };
		0B6895332B666294003553DB /* HeroModel.swift in Sources */ = {isa = PBXBuildFile; fileRef = 0B6895302B666294003553DB /* HeroModel.swift */; };
		0B6895352B6663F1003553DB /* HTTPConfigurations.swift in Sources */ = {isa = PBXBuildFile; fileRef = 0B6895342B6663F1003553DB /* HTTPConfigurations.swift */; };
		0B6895362B6663F1003553DB /* HTTPConfigurations.swift in Sources */ = {isa = PBXBuildFile; fileRef = 0B6895342B6663F1003553DB /* HTTPConfigurations.swift */; };
		0B6895372B6663F1003553DB /* HTTPConfigurations.swift in Sources */ = {isa = PBXBuildFile; fileRef = 0B6895342B6663F1003553DB /* HTTPConfigurations.swift */; };
		0B6895392B666885003553DB /* UserDefaultsHelper.swift in Sources */ = {isa = PBXBuildFile; fileRef = 0B6895382B666885003553DB /* UserDefaultsHelper.swift */; };
		0B68953A2B666885003553DB /* UserDefaultsHelper.swift in Sources */ = {isa = PBXBuildFile; fileRef = 0B6895382B666885003553DB /* UserDefaultsHelper.swift */; };
		0B68953B2B666885003553DB /* UserDefaultsHelper.swift in Sources */ = {isa = PBXBuildFile; fileRef = 0B6895382B666885003553DB /* UserDefaultsHelper.swift */; };
		0B68953E2B666A59003553DB /* HomeViewModel.swift in Sources */ = {isa = PBXBuildFile; fileRef = 0B68953D2B666A59003553DB /* HomeViewModel.swift */; };
		0B68953F2B666A59003553DB /* HomeViewModel.swift in Sources */ = {isa = PBXBuildFile; fileRef = 0B68953D2B666A59003553DB /* HomeViewModel.swift */; };
		0B6895402B666A59003553DB /* HomeViewModel.swift in Sources */ = {isa = PBXBuildFile; fileRef = 0B68953D2B666A59003553DB /* HomeViewModel.swift */; };
		0B6895422B666AC2003553DB /* HomeStatusLoad.swift in Sources */ = {isa = PBXBuildFile; fileRef = 0B6895412B666AC2003553DB /* HomeStatusLoad.swift */; };
		0B6895432B666AC2003553DB /* HomeStatusLoad.swift in Sources */ = {isa = PBXBuildFile; fileRef = 0B6895412B666AC2003553DB /* HomeStatusLoad.swift */; };
		0B6895442B666AC2003553DB /* HomeStatusLoad.swift in Sources */ = {isa = PBXBuildFile; fileRef = 0B6895412B666AC2003553DB /* HomeStatusLoad.swift */; };
		0B6895482B667CA7003553DB /* DetailHeroViewController.swift in Sources */ = {isa = PBXBuildFile; fileRef = 0B6895462B667CA7003553DB /* DetailHeroViewController.swift */; };
		0B6895492B667CA7003553DB /* DetailHeroViewController.swift in Sources */ = {isa = PBXBuildFile; fileRef = 0B6895462B667CA7003553DB /* DetailHeroViewController.swift */; };
		0B68954A2B667CA7003553DB /* DetailHeroViewController.swift in Sources */ = {isa = PBXBuildFile; fileRef = 0B6895462B667CA7003553DB /* DetailHeroViewController.swift */; };
		0B68954B2B667CA7003553DB /* DetailHeroViewController.xib in Resources */ = {isa = PBXBuildFile; fileRef = 0B6895472B667CA7003553DB /* DetailHeroViewController.xib */; };
		0B68954C2B667CA7003553DB /* DetailHeroViewController.xib in Resources */ = {isa = PBXBuildFile; fileRef = 0B6895472B667CA7003553DB /* DetailHeroViewController.xib */; };
		0B68954D2B667CA7003553DB /* DetailHeroViewController.xib in Resources */ = {isa = PBXBuildFile; fileRef = 0B6895472B667CA7003553DB /* DetailHeroViewController.xib */; };
		0B6895582B6693A6003553DB /* DetailHeroViewModel.swift in Sources */ = {isa = PBXBuildFile; fileRef = 0B6895572B6693A6003553DB /* DetailHeroViewModel.swift */; };
		0B6895592B6693A6003553DB /* DetailHeroViewModel.swift in Sources */ = {isa = PBXBuildFile; fileRef = 0B6895572B6693A6003553DB /* DetailHeroViewModel.swift */; };
		0B68955A2B6693A6003553DB /* DetailHeroViewModel.swift in Sources */ = {isa = PBXBuildFile; fileRef = 0B6895572B6693A6003553DB /* DetailHeroViewModel.swift */; };
		0B68955C2B6693D1003553DB /* DetailHeroStatusLoad.swift in Sources */ = {isa = PBXBuildFile; fileRef = 0B68955B2B6693D1003553DB /* DetailHeroStatusLoad.swift */; };
		0B68955D2B6693D1003553DB /* DetailHeroStatusLoad.swift in Sources */ = {isa = PBXBuildFile; fileRef = 0B68955B2B6693D1003553DB /* DetailHeroStatusLoad.swift */; };
		0B68955E2B6693D1003553DB /* DetailHeroStatusLoad.swift in Sources */ = {isa = PBXBuildFile; fileRef = 0B68955B2B6693D1003553DB /* DetailHeroStatusLoad.swift */; };
		0B6895602B6693FA003553DB /* DetailHeroUseCase.swift in Sources */ = {isa = PBXBuildFile; fileRef = 0B68955F2B6693FA003553DB /* DetailHeroUseCase.swift */; };
		0B6895612B6693FA003553DB /* DetailHeroUseCase.swift in Sources */ = {isa = PBXBuildFile; fileRef = 0B68955F2B6693FA003553DB /* DetailHeroUseCase.swift */; };
		0B6895622B6693FA003553DB /* DetailHeroUseCase.swift in Sources */ = {isa = PBXBuildFile; fileRef = 0B68955F2B6693FA003553DB /* DetailHeroUseCase.swift */; };
		0B6895652B66A6E6003553DB /* UImageView+Remote.swift in Sources */ = {isa = PBXBuildFile; fileRef = 0B6895642B66A6E6003553DB /* UImageView+Remote.swift */; };
		0B6895672B66BAAF003553DB /* TransformationsStatusLoad.swift in Sources */ = {isa = PBXBuildFile; fileRef = 0B6895662B66BAAF003553DB /* TransformationsStatusLoad.swift */; };
		0B6895692B66BAD8003553DB /* TransformationsUseCase.swift in Sources */ = {isa = PBXBuildFile; fileRef = 0B6895682B66BAD8003553DB /* TransformationsUseCase.swift */; };
		0B68956B2B66BBB6003553DB /* HeroTransformation.swift in Sources */ = {isa = PBXBuildFile; fileRef = 0B68956A2B66BBB6003553DB /* HeroTransformation.swift */; };
		0B68956E2B66BC5D003553DB /* HeroTransformationsViewModel.swift in Sources */ = {isa = PBXBuildFile; fileRef = 0B68956D2B66BC5D003553DB /* HeroTransformationsViewModel.swift */; };
		0B6895722B66C234003553DB /* HeroTransformationsViewController.swift in Sources */ = {isa = PBXBuildFile; fileRef = 0B6895702B66C234003553DB /* HeroTransformationsViewController.swift */; };
		0B6895732B66C234003553DB /* HeroTransformationsViewController.swift in Sources */ = {isa = PBXBuildFile; fileRef = 0B6895702B66C234003553DB /* HeroTransformationsViewController.swift */; };
		0B6895742B66C234003553DB /* HeroTransformationsViewController.swift in Sources */ = {isa = PBXBuildFile; fileRef = 0B6895702B66C234003553DB /* HeroTransformationsViewController.swift */; };
		0B6895752B66C234003553DB /* HeroTransformationsViewController.xib in Resources */ = {isa = PBXBuildFile; fileRef = 0B6895712B66C234003553DB /* HeroTransformationsViewController.xib */; };
		0B6895762B66C234003553DB /* HeroTransformationsViewController.xib in Resources */ = {isa = PBXBuildFile; fileRef = 0B6895712B66C234003553DB /* HeroTransformationsViewController.xib */; };
		0B6895772B66C234003553DB /* HeroTransformationsViewController.xib in Resources */ = {isa = PBXBuildFile; fileRef = 0B6895712B66C234003553DB /* HeroTransformationsViewController.xib */; };
		0B70D7DF2B601FE000AA6375 /* AppDelegate.swift in Sources */ = {isa = PBXBuildFile; fileRef = 0B70D7DE2B601FE000AA6375 /* AppDelegate.swift */; };
		0B70D7E12B601FE000AA6375 /* SceneDelegate.swift in Sources */ = {isa = PBXBuildFile; fileRef = 0B70D7E02B601FE000AA6375 /* SceneDelegate.swift */; };
		0B70D7E82B601FE100AA6375 /* Assets.xcassets in Resources */ = {isa = PBXBuildFile; fileRef = 0B70D7E72B601FE100AA6375 /* Assets.xcassets */; };
		0B70D7EB2B601FE100AA6375 /* LaunchScreen.storyboard in Resources */ = {isa = PBXBuildFile; fileRef = 0B70D7E92B601FE100AA6375 /* LaunchScreen.storyboard */; };
		0B70D7F62B601FE100AA6375 /* AppPatronesRobertTests.swift in Sources */ = {isa = PBXBuildFile; fileRef = 0B70D7F52B601FE100AA6375 /* AppPatronesRobertTests.swift */; };
		0B70D81D2B60224D00AA6375 /* SplashViewController.swift in Sources */ = {isa = PBXBuildFile; fileRef = 0B70D81B2B60224D00AA6375 /* SplashViewController.swift */; };
		0B70D81E2B60224D00AA6375 /* SplashViewController.swift in Sources */ = {isa = PBXBuildFile; fileRef = 0B70D81B2B60224D00AA6375 /* SplashViewController.swift */; };
		0B70D81F2B60224D00AA6375 /* SplashViewController.swift in Sources */ = {isa = PBXBuildFile; fileRef = 0B70D81B2B60224D00AA6375 /* SplashViewController.swift */; };
		0B70D8202B60224D00AA6375 /* SplashViewController.xib in Resources */ = {isa = PBXBuildFile; fileRef = 0B70D81C2B60224D00AA6375 /* SplashViewController.xib */; };
		0B70D8212B60224D00AA6375 /* SplashViewController.xib in Resources */ = {isa = PBXBuildFile; fileRef = 0B70D81C2B60224D00AA6375 /* SplashViewController.xib */; };
		0B70D8222B60224D00AA6375 /* SplashViewController.xib in Resources */ = {isa = PBXBuildFile; fileRef = 0B70D81C2B60224D00AA6375 /* SplashViewController.xib */; };
		0B70D8252B60281300AA6375 /* SplashViewModel.swift in Sources */ = {isa = PBXBuildFile; fileRef = 0B70D8242B60281300AA6375 /* SplashViewModel.swift */; };
		0B70D8262B60281300AA6375 /* SplashViewModel.swift in Sources */ = {isa = PBXBuildFile; fileRef = 0B70D8242B60281300AA6375 /* SplashViewModel.swift */; };
		0B70D8272B60281300AA6375 /* SplashViewModel.swift in Sources */ = {isa = PBXBuildFile; fileRef = 0B70D8242B60281300AA6375 /* SplashViewModel.swift */; };
		0B70D8292B602CD100AA6375 /* SplashStatusLoad.swift in Sources */ = {isa = PBXBuildFile; fileRef = 0B70D8282B602CD100AA6375 /* SplashStatusLoad.swift */; };
		0B70D82A2B602CD100AA6375 /* SplashStatusLoad.swift in Sources */ = {isa = PBXBuildFile; fileRef = 0B70D8282B602CD100AA6375 /* SplashStatusLoad.swift */; };
		0B70D82B2B602CD100AA6375 /* SplashStatusLoad.swift in Sources */ = {isa = PBXBuildFile; fileRef = 0B70D8282B602CD100AA6375 /* SplashStatusLoad.swift */; };
		0B70D82F2B60308400AA6375 /* LoginViewController.swift in Sources */ = {isa = PBXBuildFile; fileRef = 0B70D82D2B60308400AA6375 /* LoginViewController.swift */; };
		0B70D8302B60308400AA6375 /* LoginViewController.swift in Sources */ = {isa = PBXBuildFile; fileRef = 0B70D82D2B60308400AA6375 /* LoginViewController.swift */; };
		0B70D8312B60308400AA6375 /* LoginViewController.swift in Sources */ = {isa = PBXBuildFile; fileRef = 0B70D82D2B60308400AA6375 /* LoginViewController.swift */; };
		0B70D8322B60308400AA6375 /* LoginViewController.xib in Resources */ = {isa = PBXBuildFile; fileRef = 0B70D82E2B60308400AA6375 /* LoginViewController.xib */; };
		0B70D8332B60308400AA6375 /* LoginViewController.xib in Resources */ = {isa = PBXBuildFile; fileRef = 0B70D82E2B60308400AA6375 /* LoginViewController.xib */; };
		0B70D8342B60308400AA6375 /* LoginViewController.xib in Resources */ = {isa = PBXBuildFile; fileRef = 0B70D82E2B60308400AA6375 /* LoginViewController.xib */; };
		0B70D8372B61643000AA6375 /* LoginViewModel.swift in Sources */ = {isa = PBXBuildFile; fileRef = 0B70D8362B61643000AA6375 /* LoginViewModel.swift */; };
		0B70D8382B61643000AA6375 /* LoginViewModel.swift in Sources */ = {isa = PBXBuildFile; fileRef = 0B70D8362B61643000AA6375 /* LoginViewModel.swift */; };
		0B70D8392B61643000AA6375 /* LoginViewModel.swift in Sources */ = {isa = PBXBuildFile; fileRef = 0B70D8362B61643000AA6375 /* LoginViewModel.swift */; };
		0B70D83B2B61656C00AA6375 /* LoginStatusLoad.swift in Sources */ = {isa = PBXBuildFile; fileRef = 0B70D83A2B61656C00AA6375 /* LoginStatusLoad.swift */; };
		0B70D83C2B61656C00AA6375 /* LoginStatusLoad.swift in Sources */ = {isa = PBXBuildFile; fileRef = 0B70D83A2B61656C00AA6375 /* LoginStatusLoad.swift */; };
		0B70D83D2B61656C00AA6375 /* LoginStatusLoad.swift in Sources */ = {isa = PBXBuildFile; fileRef = 0B70D83A2B61656C00AA6375 /* LoginStatusLoad.swift */; };
		0B70D8412B61697D00AA6375 /* HomeTableViewController.swift in Sources */ = {isa = PBXBuildFile; fileRef = 0B70D83F2B61697D00AA6375 /* HomeTableViewController.swift */; };
		0B70D8422B61697D00AA6375 /* HomeTableViewController.swift in Sources */ = {isa = PBXBuildFile; fileRef = 0B70D83F2B61697D00AA6375 /* HomeTableViewController.swift */; };
		0B70D8432B61697D00AA6375 /* HomeTableViewController.swift in Sources */ = {isa = PBXBuildFile; fileRef = 0B70D83F2B61697D00AA6375 /* HomeTableViewController.swift */; };
		0B70D8442B61697D00AA6375 /* HomeTableViewController.xib in Resources */ = {isa = PBXBuildFile; fileRef = 0B70D8402B61697D00AA6375 /* HomeTableViewController.xib */; };
		0B70D8452B61697D00AA6375 /* HomeTableViewController.xib in Resources */ = {isa = PBXBuildFile; fileRef = 0B70D8402B61697D00AA6375 /* HomeTableViewController.xib */; };
		0B70D8462B61697D00AA6375 /* HomeTableViewController.xib in Resources */ = {isa = PBXBuildFile; fileRef = 0B70D8402B61697D00AA6375 /* HomeTableViewController.xib */; };
/* End PBXBuildFile section */

/* Begin PBXContainerItemProxy section */
		0B70D7F22B601FE100AA6375 /* PBXContainerItemProxy */ = {
			isa = PBXContainerItemProxy;
			containerPortal = 0B70D7D32B601FE000AA6375 /* Project object */;
			proxyType = 1;
			remoteGlobalIDString = 0B70D7DA2B601FE000AA6375;
			remoteInfo = AppPatronesRobert;
		};
		0B70D7FC2B601FE100AA6375 /* PBXContainerItemProxy */ = {
			isa = PBXContainerItemProxy;
			containerPortal = 0B70D7D32B601FE000AA6375 /* Project object */;
			proxyType = 1;
			remoteGlobalIDString = 0B70D7DA2B601FE000AA6375;
			remoteInfo = AppPatronesRobert;
		};
/* End PBXContainerItemProxy section */

/* Begin PBXFileReference section */
		0B6895212B664C9B003553DB /* LoginUseCase.swift */ = {isa = PBXFileReference; lastKnownFileType = sourcecode.swift; path = LoginUseCase.swift; sourceTree = "<group>"; };
		0B6895242B664D31003553DB /* EndPoints.swift */ = {isa = PBXFileReference; lastKnownFileType = sourcecode.swift; path = EndPoints.swift; sourceTree = "<group>"; };
		0B6895262B664DCA003553DB /* NetworkError.swift */ = {isa = PBXFileReference; lastKnownFileType = sourcecode.swift; path = NetworkError.swift; sourceTree = "<group>"; };
		0B6895282B664E52003553DB /* HTTPMethods.swift */ = {isa = PBXFileReference; lastKnownFileType = sourcecode.swift; path = HTTPMethods.swift; sourceTree = "<group>"; };
		0B68952A2B664EAB003553DB /* HTTPResponseCodes.swift */ = {isa = PBXFileReference; lastKnownFileType = sourcecode.swift; path = HTTPResponseCodes.swift; sourceTree = "<group>"; };
		0B68952C2B66620A003553DB /* HomeUseCase.swift */ = {isa = PBXFileReference; lastKnownFileType = sourcecode.swift; path = HomeUseCase.swift; sourceTree = "<group>"; };
		0B6895302B666294003553DB /* HeroModel.swift */ = {isa = PBXFileReference; lastKnownFileType = sourcecode.swift; path = HeroModel.swift; sourceTree = "<group>"; };
		0B6895342B6663F1003553DB /* HTTPConfigurations.swift */ = {isa = PBXFileReference; lastKnownFileType = sourcecode.swift; path = HTTPConfigurations.swift; sourceTree = "<group>"; };
		0B6895382B666885003553DB /* UserDefaultsHelper.swift */ = {isa = PBXFileReference; lastKnownFileType = sourcecode.swift; path = UserDefaultsHelper.swift; sourceTree = "<group>"; };
		0B68953D2B666A59003553DB /* HomeViewModel.swift */ = {isa = PBXFileReference; lastKnownFileType = sourcecode.swift; path = HomeViewModel.swift; sourceTree = "<group>"; };
		0B6895412B666AC2003553DB /* HomeStatusLoad.swift */ = {isa = PBXFileReference; lastKnownFileType = sourcecode.swift; path = HomeStatusLoad.swift; sourceTree = "<group>"; };
		0B6895462B667CA7003553DB /* DetailHeroViewController.swift */ = {isa = PBXFileReference; lastKnownFileType = sourcecode.swift; path = DetailHeroViewController.swift; sourceTree = "<group>"; };
		0B6895472B667CA7003553DB /* DetailHeroViewController.xib */ = {isa = PBXFileReference; lastKnownFileType = file.xib; path = DetailHeroViewController.xib; sourceTree = "<group>"; };
		0B6895572B6693A6003553DB /* DetailHeroViewModel.swift */ = {isa = PBXFileReference; lastKnownFileType = sourcecode.swift; path = DetailHeroViewModel.swift; sourceTree = "<group>"; };
		0B68955B2B6693D1003553DB /* DetailHeroStatusLoad.swift */ = {isa = PBXFileReference; lastKnownFileType = sourcecode.swift; path = DetailHeroStatusLoad.swift; sourceTree = "<group>"; };
		0B68955F2B6693FA003553DB /* DetailHeroUseCase.swift */ = {isa = PBXFileReference; lastKnownFileType = sourcecode.swift; path = DetailHeroUseCase.swift; sourceTree = "<group>"; };
		0B6895642B66A6E6003553DB /* UImageView+Remote.swift */ = {isa = PBXFileReference; lastKnownFileType = sourcecode.swift; path = "UImageView+Remote.swift"; sourceTree = "<group>"; };
		0B6895662B66BAAF003553DB /* TransformationsStatusLoad.swift */ = {isa = PBXFileReference; lastKnownFileType = sourcecode.swift; path = TransformationsStatusLoad.swift; sourceTree = "<group>"; };
		0B6895682B66BAD8003553DB /* TransformationsUseCase.swift */ = {isa = PBXFileReference; lastKnownFileType = sourcecode.swift; path = TransformationsUseCase.swift; sourceTree = "<group>"; };
		0B68956A2B66BBB6003553DB /* HeroTransformation.swift */ = {isa = PBXFileReference; lastKnownFileType = sourcecode.swift; path = HeroTransformation.swift; sourceTree = "<group>"; };
		0B68956D2B66BC5D003553DB /* HeroTransformationsViewModel.swift */ = {isa = PBXFileReference; lastKnownFileType = sourcecode.swift; path = HeroTransformationsViewModel.swift; sourceTree = "<group>"; };
		0B6895702B66C234003553DB /* HeroTransformationsViewController.swift */ = {isa = PBXFileReference; lastKnownFileType = sourcecode.swift; path = HeroTransformationsViewController.swift; sourceTree = "<group>"; };
		0B6895712B66C234003553DB /* HeroTransformationsViewController.xib */ = {isa = PBXFileReference; lastKnownFileType = file.xib; path = HeroTransformationsViewController.xib; sourceTree = "<group>"; };
		0B70D7DB2B601FE000AA6375 /* AppPatronesRobert.app */ = {isa = PBXFileReference; explicitFileType = wrapper.application; includeInIndex = 0; path = AppPatronesRobert.app; sourceTree = BUILT_PRODUCTS_DIR; };
		0B70D7DE2B601FE000AA6375 /* AppDelegate.swift */ = {isa = PBXFileReference; lastKnownFileType = sourcecode.swift; path = AppDelegate.swift; sourceTree = "<group>"; };
		0B70D7E02B601FE000AA6375 /* SceneDelegate.swift */ = {isa = PBXFileReference; lastKnownFileType = sourcecode.swift; path = SceneDelegate.swift; sourceTree = "<group>"; };
		0B70D7E72B601FE100AA6375 /* Assets.xcassets */ = {isa = PBXFileReference; lastKnownFileType = folder.assetcatalog; path = Assets.xcassets; sourceTree = "<group>"; };
		0B70D7EA2B601FE100AA6375 /* Base */ = {isa = PBXFileReference; lastKnownFileType = file.storyboard; name = Base; path = Base.lproj/LaunchScreen.storyboard; sourceTree = "<group>"; };
		0B70D7EC2B601FE100AA6375 /* Info.plist */ = {isa = PBXFileReference; lastKnownFileType = text.plist.xml; path = Info.plist; sourceTree = "<group>"; };
		0B70D7F12B601FE100AA6375 /* AppPatronesRobertTests.xctest */ = {isa = PBXFileReference; explicitFileType = wrapper.cfbundle; includeInIndex = 0; path = AppPatronesRobertTests.xctest; sourceTree = BUILT_PRODUCTS_DIR; };
		0B70D7F52B601FE100AA6375 /* AppPatronesRobertTests.swift */ = {isa = PBXFileReference; lastKnownFileType = sourcecode.swift; path = AppPatronesRobertTests.swift; sourceTree = "<group>"; };
		0B70D7FB2B601FE100AA6375 /* AppPatronesRobertUITests.xctest */ = {isa = PBXFileReference; explicitFileType = wrapper.cfbundle; includeInIndex = 0; path = AppPatronesRobertUITests.xctest; sourceTree = BUILT_PRODUCTS_DIR; };
		0B70D81B2B60224D00AA6375 /* SplashViewController.swift */ = {isa = PBXFileReference; lastKnownFileType = sourcecode.swift; path = SplashViewController.swift; sourceTree = "<group>"; };
		0B70D81C2B60224D00AA6375 /* SplashViewController.xib */ = {isa = PBXFileReference; lastKnownFileType = file.xib; path = SplashViewController.xib; sourceTree = "<group>"; };
		0B70D8242B60281300AA6375 /* SplashViewModel.swift */ = {isa = PBXFileReference; lastKnownFileType = sourcecode.swift; path = SplashViewModel.swift; sourceTree = "<group>"; };
		0B70D8282B602CD100AA6375 /* SplashStatusLoad.swift */ = {isa = PBXFileReference; lastKnownFileType = sourcecode.swift; path = SplashStatusLoad.swift; sourceTree = "<group>"; };
		0B70D82D2B60308400AA6375 /* LoginViewController.swift */ = {isa = PBXFileReference; lastKnownFileType = sourcecode.swift; path = LoginViewController.swift; sourceTree = "<group>"; };
		0B70D82E2B60308400AA6375 /* LoginViewController.xib */ = {isa = PBXFileReference; lastKnownFileType = file.xib; path = LoginViewController.xib; sourceTree = "<group>"; };
		0B70D8362B61643000AA6375 /* LoginViewModel.swift */ = {isa = PBXFileReference; lastKnownFileType = sourcecode.swift; path = LoginViewModel.swift; sourceTree = "<group>"; };
		0B70D83A2B61656C00AA6375 /* LoginStatusLoad.swift */ = {isa = PBXFileReference; lastKnownFileType = sourcecode.swift; path = LoginStatusLoad.swift; sourceTree = "<group>"; };
		0B70D83F2B61697D00AA6375 /* HomeTableViewController.swift */ = {isa = PBXFileReference; lastKnownFileType = sourcecode.swift; path = HomeTableViewController.swift; sourceTree = "<group>"; };
		0B70D8402B61697D00AA6375 /* HomeTableViewController.xib */ = {isa = PBXFileReference; lastKnownFileType = file.xib; path = HomeTableViewController.xib; sourceTree = "<group>"; };
/* End PBXFileReference section */

/* Begin PBXFrameworksBuildPhase section */
		0B70D7D82B601FE000AA6375 /* Frameworks */ = {
			isa = PBXFrameworksBuildPhase;
			buildActionMask = 2147483647;
			files = (
			);
			runOnlyForDeploymentPostprocessing = 0;
		};
		0B70D7EE2B601FE100AA6375 /* Frameworks */ = {
			isa = PBXFrameworksBuildPhase;
			buildActionMask = 2147483647;
			files = (
			);
			runOnlyForDeploymentPostprocessing = 0;
		};
		0B70D7F82B601FE100AA6375 /* Frameworks */ = {
			isa = PBXFrameworksBuildPhase;
			buildActionMask = 2147483647;
			files = (
			);
			runOnlyForDeploymentPostprocessing = 0;
		};
/* End PBXFrameworksBuildPhase section */

/* Begin PBXGroup section */
		0B6895232B664D1E003553DB /* BaseNetwork */ = {
			isa = PBXGroup;
			children = (
				0B6895242B664D31003553DB /* EndPoints.swift */,
				0B6895262B664DCA003553DB /* NetworkError.swift */,
				0B6895282B664E52003553DB /* HTTPMethods.swift */,
				0B68952A2B664EAB003553DB /* HTTPResponseCodes.swift */,
				0B6895342B6663F1003553DB /* HTTPConfigurations.swift */,
			);
			path = BaseNetwork;
			sourceTree = "<group>";
		};
		0B68953C2B666A40003553DB /* Home */ = {
			isa = PBXGroup;
			children = (
				0B68953D2B666A59003553DB /* HomeViewModel.swift */,
			);
			path = Home;
			sourceTree = "<group>";
		};
		0B6895452B667C85003553DB /* DetailHero */ = {
			isa = PBXGroup;
			children = (
				0B6895462B667CA7003553DB /* DetailHeroViewController.swift */,
				0B6895472B667CA7003553DB /* DetailHeroViewController.xib */,
			);
			path = DetailHero;
			sourceTree = "<group>";
		};
		0B68954E2B669356003553DB /* DetailHero */ = {
			isa = PBXGroup;
			children = (
				0B6895572B6693A6003553DB /* DetailHeroViewModel.swift */,
			);
			path = DetailHero;
			sourceTree = "<group>";
		};
		0B6895632B66A6C4003553DB /* Extensions */ = {
			isa = PBXGroup;
			children = (
				0B6895642B66A6E6003553DB /* UImageView+Remote.swift */,
			);
			path = Extensions;
			sourceTree = "<group>";
		};
		0B68956C2B66BC38003553DB /* HeroTransformations */ = {
			isa = PBXGroup;
			children = (
				0B68956D2B66BC5D003553DB /* HeroTransformationsViewModel.swift */,
			);
			path = HeroTransformations;
			sourceTree = "<group>";
		};
		0B68956F2B66C1FE003553DB /* HeroTransformations */ = {
			isa = PBXGroup;
			children = (
				0B6895702B66C234003553DB /* HeroTransformationsViewController.swift */,
				0B6895712B66C234003553DB /* HeroTransformationsViewController.xib */,
			);
			path = HeroTransformations;
			sourceTree = "<group>";
		};
		0B70D7D22B601FE000AA6375 = {
			isa = PBXGroup;
			children = (
				0B70D7DD2B601FE000AA6375 /* AppPatronesRobert */,
				0B70D7F42B601FE100AA6375 /* AppPatronesRobertTests */,
				0B70D7DC2B601FE000AA6375 /* Products */,
			);
			sourceTree = "<group>";
		};
		0B70D7DC2B601FE000AA6375 /* Products */ = {
			isa = PBXGroup;
			children = (
				0B70D7DB2B601FE000AA6375 /* AppPatronesRobert.app */,
				0B70D7F12B601FE100AA6375 /* AppPatronesRobertTests.xctest */,
				0B70D7FB2B601FE100AA6375 /* AppPatronesRobertUITests.xctest */,
			);
			name = Products;
			sourceTree = "<group>";
		};
		0B70D7DD2B601FE000AA6375 /* AppPatronesRobert */ = {
			isa = PBXGroup;
			children = (
				0B70D7EC2B601FE100AA6375 /* Info.plist */,
				0B70D7DE2B601FE000AA6375 /* AppDelegate.swift */,
				0B70D7E02B601FE000AA6375 /* SceneDelegate.swift */,
				0B70D7E92B601FE100AA6375 /* LaunchScreen.storyboard */,
				0B70D8122B60215B00AA6375 /* Presentation */,
				0B70D8102B60214500AA6375 /* Domain */,
				0B70D80E2B60213800AA6375 /* Data */,
				0B70D7E72B601FE100AA6375 /* Assets.xcassets */,
			);
			path = AppPatronesRobert;
			sourceTree = "<group>";
		};
		0B70D7F42B601FE100AA6375 /* AppPatronesRobertTests */ = {
			isa = PBXGroup;
			children = (
				0B70D7F52B601FE100AA6375 /* AppPatronesRobertTests.swift */,
			);
			path = AppPatronesRobertTests;
			sourceTree = "<group>";
		};
		0B70D80E2B60213800AA6375 /* Data */ = {
			isa = PBXGroup;
			children = (
				0B70D8192B6021D100AA6375 /* Local */,
				0B70D8182B6021C900AA6375 /* Network */,
				0B70D8172B6021C300AA6375 /* Repository */,
			);
			path = Data;
			sourceTree = "<group>";
		};
		0B70D8102B60214500AA6375 /* Domain */ = {
			isa = PBXGroup;
			children = (
				0B70D8162B6021BB00AA6375 /* UseCases */,
				0B70D8152B6021A900AA6375 /* Models */,
			);
			path = Domain;
			sourceTree = "<group>";
		};
		0B70D8122B60215B00AA6375 /* Presentation */ = {
			isa = PBXGroup;
			children = (
				0B6895632B66A6C4003553DB /* Extensions */,
				0B70D8142B6021A300AA6375 /* ViewModels */,
				0B70D8132B60219C00AA6375 /* Views */,
			);
			path = Presentation;
			sourceTree = "<group>";
		};
		0B70D8132B60219C00AA6375 /* Views */ = {
			isa = PBXGroup;
			children = (
				0B68956F2B66C1FE003553DB /* HeroTransformations */,
				0B6895452B667C85003553DB /* DetailHero */,
				0B70D83E2B61695900AA6375 /* Home */,
				0B70D82C2B60306F00AA6375 /* Login */,
				0B70D81A2B60222600AA6375 /* Splash */,
			);
			path = Views;
			sourceTree = "<group>";
		};
		0B70D8142B6021A300AA6375 /* ViewModels */ = {
			isa = PBXGroup;
			children = (
				0B68956C2B66BC38003553DB /* HeroTransformations */,
				0B68954E2B669356003553DB /* DetailHero */,
				0B68953C2B666A40003553DB /* Home */,
				0B70D8352B61641F00AA6375 /* Login */,
				0B70D8232B6027C800AA6375 /* Splash */,
			);
			path = ViewModels;
			sourceTree = "<group>";
		};
		0B70D8152B6021A900AA6375 /* Models */ = {
			isa = PBXGroup;
			children = (
				0B70D8282B602CD100AA6375 /* SplashStatusLoad.swift */,
				0B70D83A2B61656C00AA6375 /* LoginStatusLoad.swift */,
				0B6895302B666294003553DB /* HeroModel.swift */,
				0B6895412B666AC2003553DB /* HomeStatusLoad.swift */,
				0B68955B2B6693D1003553DB /* DetailHeroStatusLoad.swift */,
				0B6895662B66BAAF003553DB /* TransformationsStatusLoad.swift */,
				0B68956A2B66BBB6003553DB /* HeroTransformation.swift */,
			);
			path = Models;
			sourceTree = "<group>";
		};
		0B70D8162B6021BB00AA6375 /* UseCases */ = {
			isa = PBXGroup;
			children = (
				0B6895212B664C9B003553DB /* LoginUseCase.swift */,
				0B68952C2B66620A003553DB /* HomeUseCase.swift */,
				0B68955F2B6693FA003553DB /* DetailHeroUseCase.swift */,
				0B6895682B66BAD8003553DB /* TransformationsUseCase.swift */,
			);
			path = UseCases;
			sourceTree = "<group>";
		};
		0B70D8172B6021C300AA6375 /* Repository */ = {
			isa = PBXGroup;
			children = (
			);
			path = Repository;
			sourceTree = "<group>";
		};
		0B70D8182B6021C900AA6375 /* Network */ = {
			isa = PBXGroup;
			children = (
				0B6895232B664D1E003553DB /* BaseNetwork */,
			);
			path = Network;
			sourceTree = "<group>";
		};
		0B70D8192B6021D100AA6375 /* Local */ = {
			isa = PBXGroup;
			children = (
				0B6895382B666885003553DB /* UserDefaultsHelper.swift */,
			);
			path = Local;
			sourceTree = "<group>";
		};
		0B70D81A2B60222600AA6375 /* Splash */ = {
			isa = PBXGroup;
			children = (
				0B70D81B2B60224D00AA6375 /* SplashViewController.swift */,
				0B70D81C2B60224D00AA6375 /* SplashViewController.xib */,
			);
			path = Splash;
			sourceTree = "<group>";
		};
		0B70D8232B6027C800AA6375 /* Splash */ = {
			isa = PBXGroup;
			children = (
				0B70D8242B60281300AA6375 /* SplashViewModel.swift */,
			);
			path = Splash;
			sourceTree = "<group>";
		};
		0B70D82C2B60306F00AA6375 /* Login */ = {
			isa = PBXGroup;
			children = (
				0B70D82D2B60308400AA6375 /* LoginViewController.swift */,
				0B70D82E2B60308400AA6375 /* LoginViewController.xib */,
			);
			path = Login;
			sourceTree = "<group>";
		};
		0B70D8352B61641F00AA6375 /* Login */ = {
			isa = PBXGroup;
			children = (
				0B70D8362B61643000AA6375 /* LoginViewModel.swift */,
			);
			path = Login;
			sourceTree = "<group>";
		};
		0B70D83E2B61695900AA6375 /* Home */ = {
			isa = PBXGroup;
			children = (
				0B70D83F2B61697D00AA6375 /* HomeTableViewController.swift */,
				0B70D8402B61697D00AA6375 /* HomeTableViewController.xib */,
			);
			path = Home;
			sourceTree = "<group>";
		};
/* End PBXGroup section */

/* Begin PBXNativeTarget section */
		0B70D7DA2B601FE000AA6375 /* AppPatronesRobert */ = {
			isa = PBXNativeTarget;
			buildConfigurationList = 0B70D8052B601FE100AA6375 /* Build configuration list for PBXNativeTarget "AppPatronesRobert" */;
			buildPhases = (
				0B70D7D72B601FE000AA6375 /* Sources */,
				0B70D7D82B601FE000AA6375 /* Frameworks */,
				0B70D7D92B601FE000AA6375 /* Resources */,
			);
			buildRules = (
			);
			dependencies = (
			);
			name = AppPatronesRobert;
			productName = AppPatronesRobert;
			productReference = 0B70D7DB2B601FE000AA6375 /* AppPatronesRobert.app */;
			productType = "com.apple.product-type.application";
		};
		0B70D7F02B601FE100AA6375 /* AppPatronesRobertTests */ = {
			isa = PBXNativeTarget;
			buildConfigurationList = 0B70D8082B601FE100AA6375 /* Build configuration list for PBXNativeTarget "AppPatronesRobertTests" */;
			buildPhases = (
				0B70D7ED2B601FE100AA6375 /* Sources */,
				0B70D7EE2B601FE100AA6375 /* Frameworks */,
				0B70D7EF2B601FE100AA6375 /* Resources */,
			);
			buildRules = (
			);
			dependencies = (
				0B70D7F32B601FE100AA6375 /* PBXTargetDependency */,
			);
			name = AppPatronesRobertTests;
			productName = AppPatronesRobertTests;
			productReference = 0B70D7F12B601FE100AA6375 /* AppPatronesRobertTests.xctest */;
			productType = "com.apple.product-type.bundle.unit-test";
		};
		0B70D7FA2B601FE100AA6375 /* AppPatronesRobertUITests */ = {
			isa = PBXNativeTarget;
			buildConfigurationList = 0B70D80B2B601FE100AA6375 /* Build configuration list for PBXNativeTarget "AppPatronesRobertUITests" */;
			buildPhases = (
				0B70D7F72B601FE100AA6375 /* Sources */,
				0B70D7F82B601FE100AA6375 /* Frameworks */,
				0B70D7F92B601FE100AA6375 /* Resources */,
			);
			buildRules = (
			);
			dependencies = (
				0B70D7FD2B601FE100AA6375 /* PBXTargetDependency */,
			);
			name = AppPatronesRobertUITests;
			productName = AppPatronesRobertUITests;
			productReference = 0B70D7FB2B601FE100AA6375 /* AppPatronesRobertUITests.xctest */;
			productType = "com.apple.product-type.bundle.ui-testing";
		};
/* End PBXNativeTarget section */

/* Begin PBXProject section */
		0B70D7D32B601FE000AA6375 /* Project object */ = {
			isa = PBXProject;
			attributes = {
				BuildIndependentTargetsInParallel = 1;
				LastSwiftUpdateCheck = 1500;
				LastUpgradeCheck = 1500;
				TargetAttributes = {
					0B70D7DA2B601FE000AA6375 = {
						CreatedOnToolsVersion = 15.0.1;
					};
					0B70D7F02B601FE100AA6375 = {
						CreatedOnToolsVersion = 15.0.1;
						TestTargetID = 0B70D7DA2B601FE000AA6375;
					};
					0B70D7FA2B601FE100AA6375 = {
						CreatedOnToolsVersion = 15.0.1;
						TestTargetID = 0B70D7DA2B601FE000AA6375;
					};
				};
			};
			buildConfigurationList = 0B70D7D62B601FE000AA6375 /* Build configuration list for PBXProject "AppPatronesRobert" */;
			compatibilityVersion = "Xcode 14.0";
			developmentRegion = en;
			hasScannedForEncodings = 0;
			knownRegions = (
				en,
				Base,
			);
			mainGroup = 0B70D7D22B601FE000AA6375;
			productRefGroup = 0B70D7DC2B601FE000AA6375 /* Products */;
			projectDirPath = "";
			projectRoot = "";
			targets = (
				0B70D7DA2B601FE000AA6375 /* AppPatronesRobert */,
				0B70D7F02B601FE100AA6375 /* AppPatronesRobertTests */,
				0B70D7FA2B601FE100AA6375 /* AppPatronesRobertUITests */,
			);
		};
/* End PBXProject section */

/* Begin PBXResourcesBuildPhase section */
		0B70D7D92B601FE000AA6375 /* Resources */ = {
			isa = PBXResourcesBuildPhase;
			buildActionMask = 2147483647;
			files = (
				0B70D8442B61697D00AA6375 /* HomeTableViewController.xib in Resources */,
				0B70D8322B60308400AA6375 /* LoginViewController.xib in Resources */,
				0B70D7EB2B601FE100AA6375 /* LaunchScreen.storyboard in Resources */,
				0B6895752B66C234003553DB /* HeroTransformationsViewController.xib in Resources */,
				0B68954B2B667CA7003553DB /* DetailHeroViewController.xib in Resources */,
				0B70D8202B60224D00AA6375 /* SplashViewController.xib in Resources */,
				0B70D7E82B601FE100AA6375 /* Assets.xcassets in Resources */,
			);
			runOnlyForDeploymentPostprocessing = 0;
		};
		0B70D7EF2B601FE100AA6375 /* Resources */ = {
			isa = PBXResourcesBuildPhase;
			buildActionMask = 2147483647;
			files = (
				0B6895762B66C234003553DB /* HeroTransformationsViewController.xib in Resources */,
				0B70D8332B60308400AA6375 /* LoginViewController.xib in Resources */,
				0B68954C2B667CA7003553DB /* DetailHeroViewController.xib in Resources */,
				0B70D8452B61697D00AA6375 /* HomeTableViewController.xib in Resources */,
				0B70D8212B60224D00AA6375 /* SplashViewController.xib in Resources */,
			);
			runOnlyForDeploymentPostprocessing = 0;
		};
		0B70D7F92B601FE100AA6375 /* Resources */ = {
			isa = PBXResourcesBuildPhase;
			buildActionMask = 2147483647;
			files = (
				0B6895772B66C234003553DB /* HeroTransformationsViewController.xib in Resources */,
				0B70D8342B60308400AA6375 /* LoginViewController.xib in Resources */,
				0B68954D2B667CA7003553DB /* DetailHeroViewController.xib in Resources */,
				0B70D8462B61697D00AA6375 /* HomeTableViewController.xib in Resources */,
				0B70D8222B60224D00AA6375 /* SplashViewController.xib in Resources */,
			);
			runOnlyForDeploymentPostprocessing = 0;
		};
/* End PBXResourcesBuildPhase section */

/* Begin PBXSourcesBuildPhase section */
		0B70D7D72B601FE000AA6375 /* Sources */ = {
			isa = PBXSourcesBuildPhase;
			buildActionMask = 2147483647;
			files = (
				0B68953E2B666A59003553DB /* HomeViewModel.swift in Sources */,
				0B6895392B666885003553DB /* UserDefaultsHelper.swift in Sources */,
				0B6895652B66A6E6003553DB /* UImageView+Remote.swift in Sources */,
				0B70D82F2B60308400AA6375 /* LoginViewController.swift in Sources */,
				0B68955C2B6693D1003553DB /* DetailHeroStatusLoad.swift in Sources */,
				0B6895722B66C234003553DB /* HeroTransformationsViewController.swift in Sources */,
				0B70D81D2B60224D00AA6375 /* SplashViewController.swift in Sources */,
				0B6895672B66BAAF003553DB /* TransformationsStatusLoad.swift in Sources */,
				0B70D7DF2B601FE000AA6375 /* AppDelegate.swift in Sources */,
				0B70D7E12B601FE000AA6375 /* SceneDelegate.swift in Sources */,
				0B70D8252B60281300AA6375 /* SplashViewModel.swift in Sources */,
				0B6895582B6693A6003553DB /* DetailHeroViewModel.swift in Sources */,
				0B70D83B2B61656C00AA6375 /* LoginStatusLoad.swift in Sources */,
				0B6895422B666AC2003553DB /* HomeStatusLoad.swift in Sources */,
				0B6895292B664E52003553DB /* HTTPMethods.swift in Sources */,
				0B6895602B6693FA003553DB /* DetailHeroUseCase.swift in Sources */,
				0B68952B2B664EAB003553DB /* HTTPResponseCodes.swift in Sources */,
				0B70D8412B61697D00AA6375 /* HomeTableViewController.swift in Sources */,
				0B6895312B666294003553DB /* HeroModel.swift in Sources */,
				0B68952D2B66620A003553DB /* HomeUseCase.swift in Sources */,
				0B6895352B6663F1003553DB /* HTTPConfigurations.swift in Sources */,
				0B68956B2B66BBB6003553DB /* HeroTransformation.swift in Sources */,
				0B70D8292B602CD100AA6375 /* SplashStatusLoad.swift in Sources */,
				0B6895482B667CA7003553DB /* DetailHeroViewController.swift in Sources */,
				0B70D8372B61643000AA6375 /* LoginViewModel.swift in Sources */,
				0B6895272B664DCA003553DB /* NetworkError.swift in Sources */,
				0B68956E2B66BC5D003553DB /* HeroTransformationsViewModel.swift in Sources */,
				0B6895222B664C9B003553DB /* LoginUseCase.swift in Sources */,
				0B6895252B664D31003553DB /* EndPoints.swift in Sources */,
				0B6895692B66BAD8003553DB /* TransformationsUseCase.swift in Sources */,
			);
			runOnlyForDeploymentPostprocessing = 0;
		};
		0B70D7ED2B601FE100AA6375 /* Sources */ = {
			isa = PBXSourcesBuildPhase;
			buildActionMask = 2147483647;
			files = (
				0B68952E2B66620A003553DB /* HomeUseCase.swift in Sources */,
				0B6895592B6693A6003553DB /* DetailHeroViewModel.swift in Sources */,
				0B70D8422B61697D00AA6375 /* HomeTableViewController.swift in Sources */,
				0B70D82A2B602CD100AA6375 /* SplashStatusLoad.swift in Sources */,
				0B70D83C2B61656C00AA6375 /* LoginStatusLoad.swift in Sources */,
				0B70D8262B60281300AA6375 /* SplashViewModel.swift in Sources */,
				0B6895612B6693FA003553DB /* DetailHeroUseCase.swift in Sources */,
				0B70D8382B61643000AA6375 /* LoginViewModel.swift in Sources */,
				0B68955D2B6693D1003553DB /* DetailHeroStatusLoad.swift in Sources */,
				0B6895432B666AC2003553DB /* HomeStatusLoad.swift in Sources */,
				0B68953A2B666885003553DB /* UserDefaultsHelper.swift in Sources */,
				0B70D7F62B601FE100AA6375 /* AppPatronesRobertTests.swift in Sources */,
				0B68953F2B666A59003553DB /* HomeViewModel.swift in Sources */,
				0B6895492B667CA7003553DB /* DetailHeroViewController.swift in Sources */,
				0B6895362B6663F1003553DB /* HTTPConfigurations.swift in Sources */,
				0B6895732B66C234003553DB /* HeroTransformationsViewController.swift in Sources */,
				0B70D8302B60308400AA6375 /* LoginViewController.swift in Sources */,
				0B70D81E2B60224D00AA6375 /* SplashViewController.swift in Sources */,
				0B6895322B666294003553DB /* HeroModel.swift in Sources */,
			);
			runOnlyForDeploymentPostprocessing = 0;
		};
		0B70D7F72B601FE100AA6375 /* Sources */ = {
			isa = PBXSourcesBuildPhase;
			buildActionMask = 2147483647;
			files = (
				0B68955E2B6693D1003553DB /* DetailHeroStatusLoad.swift in Sources */,
				0B70D8312B60308400AA6375 /* LoginViewController.swift in Sources */,
				0B68953B2B666885003553DB /* UserDefaultsHelper.swift in Sources */,
				0B70D81F2B60224D00AA6375 /* SplashViewController.swift in Sources */,
				0B6895442B666AC2003553DB /* HomeStatusLoad.swift in Sources */,
				0B6895742B66C234003553DB /* HeroTransformationsViewController.swift in Sources */,
				0B6895372B6663F1003553DB /* HTTPConfigurations.swift in Sources */,
				0B6895332B666294003553DB /* HeroModel.swift in Sources */,
				0B6895622B6693FA003553DB /* DetailHeroUseCase.swift in Sources */,
				0B68952F2B66620A003553DB /* HomeUseCase.swift in Sources */,
				0B68954A2B667CA7003553DB /* DetailHeroViewController.swift in Sources */,
				0B70D8272B60281300AA6375 /* SplashViewModel.swift in Sources */,
				0B6895402B666A59003553DB /* HomeViewModel.swift in Sources */,
				0B70D83D2B61656C00AA6375 /* LoginStatusLoad.swift in Sources */,
				0B70D8432B61697D00AA6375 /* HomeTableViewController.swift in Sources */,
				0B68955A2B6693A6003553DB /* DetailHeroViewModel.swift in Sources */,
				0B70D82B2B602CD100AA6375 /* SplashStatusLoad.swift in Sources */,
				0B70D8392B61643000AA6375 /* LoginViewModel.swift in Sources */,
			);
			runOnlyForDeploymentPostprocessing = 0;
		};
/* End PBXSourcesBuildPhase section */

/* Begin PBXTargetDependency section */
		0B70D7F32B601FE100AA6375 /* PBXTargetDependency */ = {
			isa = PBXTargetDependency;
			target = 0B70D7DA2B601FE000AA6375 /* AppPatronesRobert */;
			targetProxy = 0B70D7F22B601FE100AA6375 /* PBXContainerItemProxy */;
		};
		0B70D7FD2B601FE100AA6375 /* PBXTargetDependency */ = {
			isa = PBXTargetDependency;
			target = 0B70D7DA2B601FE000AA6375 /* AppPatronesRobert */;
			targetProxy = 0B70D7FC2B601FE100AA6375 /* PBXContainerItemProxy */;
		};
/* End PBXTargetDependency section */

/* Begin PBXVariantGroup section */
		0B70D7E92B601FE100AA6375 /* LaunchScreen.storyboard */ = {
			isa = PBXVariantGroup;
			children = (
				0B70D7EA2B601FE100AA6375 /* Base */,
			);
			name = LaunchScreen.storyboard;
			sourceTree = "<group>";
		};
/* End PBXVariantGroup section */

/* Begin XCBuildConfiguration section */
		0B70D8032B601FE100AA6375 /* Debug */ = {
			isa = XCBuildConfiguration;
			buildSettings = {
				ALWAYS_SEARCH_USER_PATHS = NO;
				ASSETCATALOG_COMPILER_GENERATE_SWIFT_ASSET_SYMBOL_EXTENSIONS = YES;
				CLANG_ANALYZER_NONNULL = YES;
				CLANG_ANALYZER_NUMBER_OBJECT_CONVERSION = YES_AGGRESSIVE;
				CLANG_CXX_LANGUAGE_STANDARD = "gnu++20";
				CLANG_ENABLE_MODULES = YES;
				CLANG_ENABLE_OBJC_ARC = YES;
				CLANG_ENABLE_OBJC_WEAK = YES;
				CLANG_WARN_BLOCK_CAPTURE_AUTORELEASING = YES;
				CLANG_WARN_BOOL_CONVERSION = YES;
				CLANG_WARN_COMMA = YES;
				CLANG_WARN_CONSTANT_CONVERSION = YES;
				CLANG_WARN_DEPRECATED_OBJC_IMPLEMENTATIONS = YES;
				CLANG_WARN_DIRECT_OBJC_ISA_USAGE = YES_ERROR;
				CLANG_WARN_DOCUMENTATION_COMMENTS = YES;
				CLANG_WARN_EMPTY_BODY = YES;
				CLANG_WARN_ENUM_CONVERSION = YES;
				CLANG_WARN_INFINITE_RECURSION = YES;
				CLANG_WARN_INT_CONVERSION = YES;
				CLANG_WARN_NON_LITERAL_NULL_CONVERSION = YES;
				CLANG_WARN_OBJC_IMPLICIT_RETAIN_SELF = YES;
				CLANG_WARN_OBJC_LITERAL_CONVERSION = YES;
				CLANG_WARN_OBJC_ROOT_CLASS = YES_ERROR;
				CLANG_WARN_QUOTED_INCLUDE_IN_FRAMEWORK_HEADER = YES;
				CLANG_WARN_RANGE_LOOP_ANALYSIS = YES;
				CLANG_WARN_STRICT_PROTOTYPES = YES;
				CLANG_WARN_SUSPICIOUS_MOVE = YES;
				CLANG_WARN_UNGUARDED_AVAILABILITY = YES_AGGRESSIVE;
				CLANG_WARN_UNREACHABLE_CODE = YES;
				CLANG_WARN__DUPLICATE_METHOD_MATCH = YES;
				COPY_PHASE_STRIP = NO;
				DEBUG_INFORMATION_FORMAT = dwarf;
				ENABLE_STRICT_OBJC_MSGSEND = YES;
				ENABLE_TESTABILITY = YES;
				ENABLE_USER_SCRIPT_SANDBOXING = YES;
				GCC_C_LANGUAGE_STANDARD = gnu17;
				GCC_DYNAMIC_NO_PIC = NO;
				GCC_NO_COMMON_BLOCKS = YES;
				GCC_OPTIMIZATION_LEVEL = 0;
				GCC_PREPROCESSOR_DEFINITIONS = (
					"DEBUG=1",
					"$(inherited)",
				);
				GCC_WARN_64_TO_32_BIT_CONVERSION = YES;
				GCC_WARN_ABOUT_RETURN_TYPE = YES_ERROR;
				GCC_WARN_UNDECLARED_SELECTOR = YES;
				GCC_WARN_UNINITIALIZED_AUTOS = YES_AGGRESSIVE;
				GCC_WARN_UNUSED_FUNCTION = YES;
				GCC_WARN_UNUSED_VARIABLE = YES;
				IPHONEOS_DEPLOYMENT_TARGET = 17.0;
				LOCALIZATION_PREFERS_STRING_CATALOGS = YES;
				MTL_ENABLE_DEBUG_INFO = INCLUDE_SOURCE;
				MTL_FAST_MATH = YES;
				ONLY_ACTIVE_ARCH = YES;
				SDKROOT = iphoneos;
				SWIFT_ACTIVE_COMPILATION_CONDITIONS = "DEBUG $(inherited)";
				SWIFT_OPTIMIZATION_LEVEL = "-Onone";
			};
			name = Debug;
		};
		0B70D8042B601FE100AA6375 /* Release */ = {
			isa = XCBuildConfiguration;
			buildSettings = {
				ALWAYS_SEARCH_USER_PATHS = NO;
				ASSETCATALOG_COMPILER_GENERATE_SWIFT_ASSET_SYMBOL_EXTENSIONS = YES;
				CLANG_ANALYZER_NONNULL = YES;
				CLANG_ANALYZER_NUMBER_OBJECT_CONVERSION = YES_AGGRESSIVE;
				CLANG_CXX_LANGUAGE_STANDARD = "gnu++20";
				CLANG_ENABLE_MODULES = YES;
				CLANG_ENABLE_OBJC_ARC = YES;
				CLANG_ENABLE_OBJC_WEAK = YES;
				CLANG_WARN_BLOCK_CAPTURE_AUTORELEASING = YES;
				CLANG_WARN_BOOL_CONVERSION = YES;
				CLANG_WARN_COMMA = YES;
				CLANG_WARN_CONSTANT_CONVERSION = YES;
				CLANG_WARN_DEPRECATED_OBJC_IMPLEMENTATIONS = YES;
				CLANG_WARN_DIRECT_OBJC_ISA_USAGE = YES_ERROR;
				CLANG_WARN_DOCUMENTATION_COMMENTS = YES;
				CLANG_WARN_EMPTY_BODY = YES;
				CLANG_WARN_ENUM_CONVERSION = YES;
				CLANG_WARN_INFINITE_RECURSION = YES;
				CLANG_WARN_INT_CONVERSION = YES;
				CLANG_WARN_NON_LITERAL_NULL_CONVERSION = YES;
				CLANG_WARN_OBJC_IMPLICIT_RETAIN_SELF = YES;
				CLANG_WARN_OBJC_LITERAL_CONVERSION = YES;
				CLANG_WARN_OBJC_ROOT_CLASS = YES_ERROR;
				CLANG_WARN_QUOTED_INCLUDE_IN_FRAMEWORK_HEADER = YES;
				CLANG_WARN_RANGE_LOOP_ANALYSIS = YES;
				CLANG_WARN_STRICT_PROTOTYPES = YES;
				CLANG_WARN_SUSPICIOUS_MOVE = YES;
				CLANG_WARN_UNGUARDED_AVAILABILITY = YES_AGGRESSIVE;
				CLANG_WARN_UNREACHABLE_CODE = YES;
				CLANG_WARN__DUPLICATE_METHOD_MATCH = YES;
				COPY_PHASE_STRIP = NO;
				DEBUG_INFORMATION_FORMAT = "dwarf-with-dsym";
				ENABLE_NS_ASSERTIONS = NO;
				ENABLE_STRICT_OBJC_MSGSEND = YES;
				ENABLE_USER_SCRIPT_SANDBOXING = YES;
				GCC_C_LANGUAGE_STANDARD = gnu17;
				GCC_NO_COMMON_BLOCKS = YES;
				GCC_WARN_64_TO_32_BIT_CONVERSION = YES;
				GCC_WARN_ABOUT_RETURN_TYPE = YES_ERROR;
				GCC_WARN_UNDECLARED_SELECTOR = YES;
				GCC_WARN_UNINITIALIZED_AUTOS = YES_AGGRESSIVE;
				GCC_WARN_UNUSED_FUNCTION = YES;
				GCC_WARN_UNUSED_VARIABLE = YES;
				IPHONEOS_DEPLOYMENT_TARGET = 17.0;
				LOCALIZATION_PREFERS_STRING_CATALOGS = YES;
				MTL_ENABLE_DEBUG_INFO = NO;
				MTL_FAST_MATH = YES;
				SDKROOT = iphoneos;
				SWIFT_COMPILATION_MODE = wholemodule;
				VALIDATE_PRODUCT = YES;
			};
			name = Release;
		};
		0B70D8062B601FE100AA6375 /* Debug */ = {
			isa = XCBuildConfiguration;
			buildSettings = {
				ASSETCATALOG_COMPILER_APPICON_NAME = AppIcon;
				ASSETCATALOG_COMPILER_GLOBAL_ACCENT_COLOR_NAME = AccentColor;
				CODE_SIGN_STYLE = Automatic;
				CURRENT_PROJECT_VERSION = 1;
				DEVELOPMENT_TEAM = RTN84U95Y9;
				GENERATE_INFOPLIST_FILE = YES;
				INFOPLIST_FILE = AppPatronesRobert/Info.plist;
				INFOPLIST_KEY_UIApplicationSupportsIndirectInputEvents = YES;
				INFOPLIST_KEY_UILaunchStoryboardName = LaunchScreen;
				INFOPLIST_KEY_UISupportedInterfaceOrientations_iPad = "UIInterfaceOrientationPortrait UIInterfaceOrientationPortraitUpsideDown UIInterfaceOrientationLandscapeLeft UIInterfaceOrientationLandscapeRight";
				INFOPLIST_KEY_UISupportedInterfaceOrientations_iPhone = "UIInterfaceOrientationPortrait UIInterfaceOrientationLandscapeLeft UIInterfaceOrientationLandscapeRight";
				LD_RUNPATH_SEARCH_PATHS = (
					"$(inherited)",
					"@executable_path/Frameworks",
				);
				MARKETING_VERSION = 1.0;
				PRODUCT_BUNDLE_IDENTIFIER = io.tricore.AppPatronesRobert;
				PRODUCT_NAME = "$(TARGET_NAME)";
				SWIFT_EMIT_LOC_STRINGS = YES;
				SWIFT_VERSION = 5.0;
				TARGETED_DEVICE_FAMILY = "1,2";
			};
			name = Debug;
		};
		0B70D8072B601FE100AA6375 /* Release */ = {
			isa = XCBuildConfiguration;
			buildSettings = {
				ASSETCATALOG_COMPILER_APPICON_NAME = AppIcon;
				ASSETCATALOG_COMPILER_GLOBAL_ACCENT_COLOR_NAME = AccentColor;
				CODE_SIGN_STYLE = Automatic;
				CURRENT_PROJECT_VERSION = 1;
				DEVELOPMENT_TEAM = RTN84U95Y9;
				GENERATE_INFOPLIST_FILE = YES;
				INFOPLIST_FILE = AppPatronesRobert/Info.plist;
				INFOPLIST_KEY_UIApplicationSupportsIndirectInputEvents = YES;
				INFOPLIST_KEY_UILaunchStoryboardName = LaunchScreen;
				INFOPLIST_KEY_UISupportedInterfaceOrientations_iPad = "UIInterfaceOrientationPortrait UIInterfaceOrientationPortraitUpsideDown UIInterfaceOrientationLandscapeLeft UIInterfaceOrientationLandscapeRight";
				INFOPLIST_KEY_UISupportedInterfaceOrientations_iPhone = "UIInterfaceOrientationPortrait UIInterfaceOrientationLandscapeLeft UIInterfaceOrientationLandscapeRight";
				LD_RUNPATH_SEARCH_PATHS = (
					"$(inherited)",
					"@executable_path/Frameworks",
				);
				MARKETING_VERSION = 1.0;
				PRODUCT_BUNDLE_IDENTIFIER = io.tricore.AppPatronesRobert;
				PRODUCT_NAME = "$(TARGET_NAME)";
				SWIFT_EMIT_LOC_STRINGS = YES;
				SWIFT_VERSION = 5.0;
				TARGETED_DEVICE_FAMILY = "1,2";
			};
			name = Release;
		};
		0B70D8092B601FE100AA6375 /* Debug */ = {
			isa = XCBuildConfiguration;
			buildSettings = {
				ALWAYS_EMBED_SWIFT_STANDARD_LIBRARIES = YES;
				BUNDLE_LOADER = "$(TEST_HOST)";
				CODE_SIGN_STYLE = Automatic;
				CURRENT_PROJECT_VERSION = 1;
				DEVELOPMENT_TEAM = RTN84U95Y9;
				GENERATE_INFOPLIST_FILE = YES;
				IPHONEOS_DEPLOYMENT_TARGET = 17.0;
				MARKETING_VERSION = 1.0;
				PRODUCT_BUNDLE_IDENTIFIER = io.tricore.AppPatronesRobertTests;
				PRODUCT_NAME = "$(TARGET_NAME)";
				SWIFT_EMIT_LOC_STRINGS = NO;
				SWIFT_VERSION = 5.0;
				TARGETED_DEVICE_FAMILY = "1,2";
				TEST_HOST = "$(BUILT_PRODUCTS_DIR)/AppPatronesRobert.app/$(BUNDLE_EXECUTABLE_FOLDER_PATH)/AppPatronesRobert";
			};
			name = Debug;
		};
		0B70D80A2B601FE100AA6375 /* Release */ = {
			isa = XCBuildConfiguration;
			buildSettings = {
				ALWAYS_EMBED_SWIFT_STANDARD_LIBRARIES = YES;
				BUNDLE_LOADER = "$(TEST_HOST)";
				CODE_SIGN_STYLE = Automatic;
				CURRENT_PROJECT_VERSION = 1;
				DEVELOPMENT_TEAM = RTN84U95Y9;
				GENERATE_INFOPLIST_FILE = YES;
				IPHONEOS_DEPLOYMENT_TARGET = 17.0;
				MARKETING_VERSION = 1.0;
				PRODUCT_BUNDLE_IDENTIFIER = io.tricore.AppPatronesRobertTests;
				PRODUCT_NAME = "$(TARGET_NAME)";
				SWIFT_EMIT_LOC_STRINGS = NO;
				SWIFT_VERSION = 5.0;
				TARGETED_DEVICE_FAMILY = "1,2";
				TEST_HOST = "$(BUILT_PRODUCTS_DIR)/AppPatronesRobert.app/$(BUNDLE_EXECUTABLE_FOLDER_PATH)/AppPatronesRobert";
			};
			name = Release;
		};
		0B70D80C2B601FE100AA6375 /* Debug */ = {
			isa = XCBuildConfiguration;
			buildSettings = {
				ALWAYS_EMBED_SWIFT_STANDARD_LIBRARIES = YES;
				CODE_SIGN_STYLE = Automatic;
				CURRENT_PROJECT_VERSION = 1;
				DEVELOPMENT_TEAM = RTN84U95Y9;
				GENERATE_INFOPLIST_FILE = YES;
				MARKETING_VERSION = 1.0;
				PRODUCT_BUNDLE_IDENTIFIER = io.tricore.AppPatronesRobertUITests;
				PRODUCT_NAME = "$(TARGET_NAME)";
				SWIFT_EMIT_LOC_STRINGS = NO;
				SWIFT_VERSION = 5.0;
				TARGETED_DEVICE_FAMILY = "1,2";
				TEST_TARGET_NAME = AppPatronesRobert;
			};
			name = Debug;
		};
		0B70D80D2B601FE100AA6375 /* Release */ = {
			isa = XCBuildConfiguration;
			buildSettings = {
				ALWAYS_EMBED_SWIFT_STANDARD_LIBRARIES = YES;
				CODE_SIGN_STYLE = Automatic;
				CURRENT_PROJECT_VERSION = 1;
				DEVELOPMENT_TEAM = RTN84U95Y9;
				GENERATE_INFOPLIST_FILE = YES;
				MARKETING_VERSION = 1.0;
				PRODUCT_BUNDLE_IDENTIFIER = io.tricore.AppPatronesRobertUITests;
				PRODUCT_NAME = "$(TARGET_NAME)";
				SWIFT_EMIT_LOC_STRINGS = NO;
				SWIFT_VERSION = 5.0;
				TARGETED_DEVICE_FAMILY = "1,2";
				TEST_TARGET_NAME = AppPatronesRobert;
			};
			name = Release;
		};
/* End XCBuildConfiguration section */

/* Begin XCConfigurationList section */
		0B70D7D62B601FE000AA6375 /* Build configuration list for PBXProject "AppPatronesRobert" */ = {
			isa = XCConfigurationList;
			buildConfigurations = (
				0B70D8032B601FE100AA6375 /* Debug */,
				0B70D8042B601FE100AA6375 /* Release */,
			);
			defaultConfigurationIsVisible = 0;
			defaultConfigurationName = Release;
		};
		0B70D8052B601FE100AA6375 /* Build configuration list for PBXNativeTarget "AppPatronesRobert" */ = {
			isa = XCConfigurationList;
			buildConfigurations = (
				0B70D8062B601FE100AA6375 /* Debug */,
				0B70D8072B601FE100AA6375 /* Release */,
			);
			defaultConfigurationIsVisible = 0;
			defaultConfigurationName = Release;
		};
		0B70D8082B601FE100AA6375 /* Build configuration list for PBXNativeTarget "AppPatronesRobertTests" */ = {
			isa = XCConfigurationList;
			buildConfigurations = (
				0B70D8092B601FE100AA6375 /* Debug */,
				0B70D80A2B601FE100AA6375 /* Release */,
			);
			defaultConfigurationIsVisible = 0;
			defaultConfigurationName = Release;
		};
		0B70D80B2B601FE100AA6375 /* Build configuration list for PBXNativeTarget "AppPatronesRobertUITests" */ = {
			isa = XCConfigurationList;
			buildConfigurations = (
				0B70D80C2B601FE100AA6375 /* Debug */,
				0B70D80D2B601FE100AA6375 /* Release */,
			);
			defaultConfigurationIsVisible = 0;
			defaultConfigurationName = Release;
		};
/* End XCConfigurationList section */
	};
	rootObject = 0B70D7D32B601FE000AA6375 /* Project object */;
}
